
Microsoft Visual Studio Solution File, Format Version 12.00
# Visual Studio Version 17
VisualStudioVersion = 17.12.35707.178
MinimumVisualStudioVersion = 10.0.40219.1
Project("{FAE04EC0-301F-11D3-BF4B-00C04F79EFBC}") = "ManualDTRFiscalization", "ManualDTRFiscalization.csproj", "{731FAC5D-6AD2-41AD-A8B0-CADFAD65E3DB}"
EndProject
Project("{54435603-DBB4-11D2-8724-00A0C9A8B90C}") = "KRATIMSFiscalizationSetup", "KRATIMSFiscalizationSetup\KRATIMSFiscalizationSetup.vdproj", "{5FEE64A4-969A-45E8-9D04-5D39DA2D90A8}"
EndProject
Global
	GlobalSection(SolutionConfigurationPlatforms) = preSolution
		Debug|Any CPU = Debug|Any CPU
		Release|Any CPU = Release|Any CPU
	EndGlobalSection
	GlobalSection(ProjectConfigurationPlatforms) = postSolution
		{731FAC5D-6AD2-41AD-A8B0-CADFAD65E3DB}.Debug|Any CPU.ActiveCfg = Debug|Any CPU
		{731FAC5D-6AD2-41AD-A8B0-CADFAD65E3DB}.Debug|Any CPU.Build.0 = Debug|Any CPU
		{731FAC5D-6AD2-41AD-A8B0-CADFAD65E3DB}.Release|Any CPU.ActiveCfg = Release|Any CPU
		{731FAC5D-6AD2-41AD-A8B0-CADFAD65E3DB}.Release|Any CPU.Build.0 = Release|Any CPU
		{5FEE64A4-969A-45E8-9D04-5D39DA2D90A8}.Debug|Any CPU.ActiveCfg = Debug
		{5FEE64A4-969A-45E8-9D04-5D39DA2D90A8}.Release|Any CPU.ActiveCfg = Release
	EndGlobalSection
	GlobalSection(SolutionProperties) = preSolution
		HideSolutionNode = FALSE
	EndGlobalSection
EndGlobal
